
Microsoft Visual Studio Solution File, Format Version 12.00
# Visual Studio 2013
VisualStudioVersion = 12.0.31101.0
MinimumVisualStudioVersion = 10.0.40219.1
Project("{FAE04EC0-301F-11D3-BF4B-00C04F79EFBC}") = "Client", "Client\Client.csproj", "{DE4298E2-8EBD-41F6-8C56-D51518FA0E9D}"
EndProject
Project("{FAE04EC0-301F-11D3-BF4B-00C04F79EFBC}") = "ClientGUI", "ClientGUI\ClientGUI.csproj", "{351BBE9C-24E2-4112-BD65-FE8055BDEA41}"
EndProject
Global
	GlobalSection(SolutionConfigurationPlatforms) = preSolution
		Debug|Any CPU = Debug|Any CPU
		Release|Any CPU = Release|Any CPU
	EndGlobalSection
	GlobalSection(ProjectConfigurationPlatforms) = postSolution
		{DE4298E2-8EBD-41F6-8C56-D51518FA0E9D}.Debug|Any CPU.ActiveCfg = Debug|Any CPU
		{DE4298E2-8EBD-41F6-8C56-D51518FA0E9D}.Debug|Any CPU.Build.0 = Debug|Any CPU
		{DE4298E2-8EBD-41F6-8C56-D51518FA0E9D}.Release|Any CPU.ActiveCfg = Release|Any CPU
		{DE4298E2-8EBD-41F6-8C56-D51518FA0E9D}.Release|Any CPU.Build.0 = Release|Any CPU
		{351BBE9C-24E2-4112-BD65-FE8055BDEA41}.Debug|Any CPU.ActiveCfg = Debug|Any CPU
		{351BBE9C-24E2-4112-BD65-FE8055BDEA41}.Debug|Any CPU.Build.0 = Debug|Any CPU
		{351BBE9C-24E2-4112-BD65-FE8055BDEA41}.Release|Any CPU.ActiveCfg = Release|Any CPU
		{351BBE9C-24E2-4112-BD65-FE8055BDEA41}.Release|Any CPU.Build.0 = Release|Any CPU
	EndGlobalSection
	GlobalSection(SolutionProperties) = preSolution
		HideSolutionNode = FALSE
	EndGlobalSection
EndGlobal
